
Microsoft Visual Studio Solution File, Format Version 12.00
# Visual Studio Version 16
VisualStudioVersion = 16.0.29905.134
MinimumVisualStudioVersion = 10.0.40219.1
Project("{FAE04EC0-301F-11D3-BF4B-00C04F79EFBC}") = "MVVMDataBinding", "MVVMDataBinding\MVVMDataBinding.csproj", "{83F0FA79-A326-4874-AD10-8A607B41617B}"
EndProject
Global
	GlobalSection(SolutionConfigurationPlatforms) = preSolution
		Debug|Any CPU = Debug|Any CPU
		Release|Any CPU = Release|Any CPU
	EndGlobalSection
	GlobalSection(ProjectConfigurationPlatforms) = postSolution
		{83F0FA79-A326-4874-AD10-8A607B41617B}.Debug|Any CPU.ActiveCfg = Debug|Any CPU
		{83F0FA79-A326-4874-AD10-8A607B41617B}.Debug|Any CPU.Build.0 = Debug|Any CPU
		{83F0FA79-A326-4874-AD10-8A607B41617B}.Release|Any CPU.ActiveCfg = Release|Any CPU
		{83F0FA79-A326-4874-AD10-8A607B41617B}.Release|Any CPU.Build.0 = Release|Any CPU
	EndGlobalSection
	GlobalSection(SolutionProperties) = preSolution
		HideSolutionNode = FALSE
	EndGlobalSection
	GlobalSection(ExtensibilityGlobals) = postSolution
		SolutionGuid = {0104FE68-5F12-46FF-B744-45F2724F48B7}
	EndGlobalSection
EndGlobal
